// !$*UTF8*$!
{
	archiveVersion = 1;
	classes = {
	};
	objectVersion = 50;
	objects = {

/* Begin PBXBuildFile section */
		05C153DC2644314C007B10DD /* AppDelegate.swift in Sources */ = {isa = PBXBuildFile; fileRef = 05C153DB2644314C007B10DD /* AppDelegate.swift */; };
		05C153DE2644314C007B10DD /* SceneDelegate.swift in Sources */ = {isa = PBXBuildFile; fileRef = 05C153DD2644314C007B10DD /* SceneDelegate.swift */; };
		05C153E02644314C007B10DD /* ViewController.swift in Sources */ = {isa = PBXBuildFile; fileRef = 05C153DF2644314C007B10DD /* ViewController.swift */; };
		05C153E32644314C007B10DD /* Main.storyboard in Resources */ = {isa = PBXBuildFile; fileRef = 05C153E12644314C007B10DD /* Main.storyboard */; };
		05C153E52644314E007B10DD /* Assets.xcassets in Resources */ = {isa = PBXBuildFile; fileRef = 05C153E42644314E007B10DD /* Assets.xcassets */; };
		05C153E82644314E007B10DD /* LaunchScreen.storyboard in Resources */ = {isa = PBXBuildFile; fileRef = 05C153E62644314E007B10DD /* LaunchScreen.storyboard */; };
		05C153F1264445C9007B10DD /* ControllerCell.swift in Sources */ = {isa = PBXBuildFile; fileRef = 05C153EF264445C9007B10DD /* ControllerCell.swift */; };
		05C153F2264445C9007B10DD /* ControllerCell.xib in Resources */ = {isa = PBXBuildFile; fileRef = 05C153F0264445C9007B10DD /* ControllerCell.xib */; };
		05C153F426444B68007B10DD /* Products.swift in Sources */ = {isa = PBXBuildFile; fileRef = 05C153F326444B68007B10DD /* Products.swift */; };
/* End PBXBuildFile section */

/* Begin PBXFileReference section */
		05C153D82644314C007B10DD /* PS5Controller.app */ = {isa = PBXFileReference; explicitFileType = wrapper.application; includeInIndex = 0; path = PS5Controller.app; sourceTree = BUILT_PRODUCTS_DIR; };
		05C153DB2644314C007B10DD /* AppDelegate.swift */ = {isa = PBXFileReference; lastKnownFileType = sourcecode.swift; path = AppDelegate.swift; sourceTree = "<group>"; };
		05C153DD2644314C007B10DD /* SceneDelegate.swift */ = {isa = PBXFileReference; lastKnownFileType = sourcecode.swift; path = SceneDelegate.swift; sourceTree = "<group>"; };
		05C153DF2644314C007B10DD /* ViewController.swift */ = {isa = PBXFileReference; lastKnownFileType = sourcecode.swift; path = ViewController.swift; sourceTree = "<group>"; };
		05C153E22644314C007B10DD /* Base */ = {isa = PBXFileReference; lastKnownFileType = file.storyboard; name = Base; path = Base.lproj/Main.storyboard; sourceTree = "<group>"; };
		05C153E42644314E007B10DD /* Assets.xcassets */ = {isa = PBXFileReference; lastKnownFileType = folder.assetcatalog; path = Assets.xcassets; sourceTree = "<group>"; };
		05C153E72644314E007B10DD /* Base */ = {isa = PBXFileReference; lastKnownFileType = file.storyboard; name = Base; path = Base.lproj/LaunchScreen.storyboard; sourceTree = "<group>"; };
		05C153E92644314E007B10DD /* Info.plist */ = {isa = PBXFileReference; lastKnownFileType = text.plist.xml; path = Info.plist; sourceTree = "<group>"; };
		05C153EF264445C9007B10DD /* ControllerCell.swift */ = {isa = PBXFileReference; lastKnownFileType = sourcecode.swift; path = ControllerCell.swift; sourceTree = "<group>"; };
		05C153F0264445C9007B10DD /* ControllerCell.xib */ = {isa = PBXFileReference; lastKnownFileType = file.xib; path = ControllerCell.xib; sourceTree = "<group>"; };
		05C153F326444B68007B10DD /* Products.swift */ = {isa = PBXFileReference; lastKnownFileType = sourcecode.swift; path = Products.swift; sourceTree = "<group>"; };
/* End PBXFileReference section */

/* Begin PBXFrameworksBuildPhase section */
		05C153D52644314C007B10DD /* Frameworks */ = {
			isa = PBXFrameworksBuildPhase;
			buildActionMask = 2147483647;
			files = (
			);
			runOnlyForDeploymentPostprocessing = 0;
		};
/* End PBXFrameworksBuildPhase section */

/* Begin PBXGroup section */
		05C153CF2644314C007B10DD = {
			isa = PBXGroup;
			children = (
				05C153DA2644314C007B10DD /* PS5Controller */,
				05C153D92644314C007B10DD /* Products */,
			);
			sourceTree = "<group>";
		};
		05C153D92644314C007B10DD /* Products */ = {
			isa = PBXGroup;
			children = (
				05C153D82644314C007B10DD /* PS5Controller.app */,
			);
			name = Products;
			sourceTree = "<group>";
		};
		05C153DA2644314C007B10DD /* PS5Controller */ = {
			isa = PBXGroup;
			children = (
				05C153DB2644314C007B10DD /* AppDelegate.swift */,
				05C153DD2644314C007B10DD /* SceneDelegate.swift */,
				05C153DF2644314C007B10DD /* ViewController.swift */,
				05C153E12644314C007B10DD /* Main.storyboard */,
				05C153E42644314E007B10DD /* Assets.xcassets */,
				05C153E62644314E007B10DD /* LaunchScreen.storyboard */,
				05C153E92644314E007B10DD /* Info.plist */,
				05C153EF264445C9007B10DD /* ControllerCell.swift */,
				05C153F0264445C9007B10DD /* ControllerCell.xib */,
				05C153F326444B68007B10DD /* Products.swift */,
			);
			path = PS5Controller;
			sourceTree = "<group>";
		};
/* End PBXGroup section */

/* Begin PBXNativeTarget section */
		05C153D72644314C007B10DD /* PS5Controller */ = {
			isa = PBXNativeTarget;
			buildConfigurationList = 05C153EC2644314E007B10DD /* Build configuration list for PBXNativeTarget "PS5Controller" */;
			buildPhases = (
				05C153D42644314C007B10DD /* Sources */,
				05C153D52644314C007B10DD /* Frameworks */,
				05C153D62644314C007B10DD /* Resources */,
			);
			buildRules = (
			);
			dependencies = (
			);
			name = PS5Controller;
			productName = PS5Controller;
			productReference = 05C153D82644314C007B10DD /* PS5Controller.app */;
			productType = "com.apple.product-type.application";
		};
/* End PBXNativeTarget section */

/* Begin PBXProject section */
		05C153D02644314C007B10DD /* Project object */ = {
			isa = PBXProject;
			attributes = {
				LastSwiftUpdateCheck = 1250;
				LastUpgradeCheck = 1250;
				TargetAttributes = {
					05C153D72644314C007B10DD = {
						CreatedOnToolsVersion = 12.5;
					};
				};
			};
			buildConfigurationList = 05C153D32644314C007B10DD /* Build configuration list for PBXProject "PS5Controller" */;
			compatibilityVersion = "Xcode 9.3";
			developmentRegion = en;
			hasScannedForEncodings = 0;
			knownRegions = (
				en,
				Base,
			);
			mainGroup = 05C153CF2644314C007B10DD;
			productRefGroup = 05C153D92644314C007B10DD /* Products */;
			projectDirPath = "";
			projectRoot = "";
			targets = (
				05C153D72644314C007B10DD /* PS5Controller */,
			);
		};
/* End PBXProject section */

/* Begin PBXResourcesBuildPhase section */
		05C153D62644314C007B10DD /* Resources */ = {
			isa = PBXResourcesBuildPhase;
			buildActionMask = 2147483647;
			files = (
				05C153E82644314E007B10DD /* LaunchScreen.storyboard in Resources */,
				05C153E52644314E007B10DD /* Assets.xcassets in Resources */,
				05C153E32644314C007B10DD /* Main.storyboard in Resources */,
				05C153F2264445C9007B10DD /* ControllerCell.xib in Resources */,
			);
			runOnlyForDeploymentPostprocessing = 0;
		};
/* End PBXResourcesBuildPhase section */

/* Begin PBXSourcesBuildPhase section */
		05C153D42644314C007B10DD /* Sources */ = {
			isa = PBXSourcesBuildPhase;
			buildActionMask = 2147483647;
			files = (
				05C153E02644314C007B10DD /* ViewController.swift in Sources */,
				05C153DC2644314C007B10DD /* AppDelegate.swift in Sources */,
				05C153F426444B68007B10DD /* Products.swift in Sources */,
				05C153DE2644314C007B10DD /* SceneDelegate.swift in Sources */,
				05C153F1264445C9007B10DD /* ControllerCell.swift in Sources */,
			);
			runOnlyForDeploymentPostprocessing = 0;
		};
/* End PBXSourcesBuildPhase section */

/* Begin PBXVariantGroup section */
		05C153E12644314C007B10DD /* Main.storyboard */ = {
			isa = PBXVariantGroup;
			children = (
				05C153E22644314C007B10DD /* Base */,
			);
			name = Main.storyboard;
			sourceTree = "<group>";
		};
		05C153E62644314E007B10DD /* LaunchScreen.storyboard */ = {
			isa = PBXVariantGroup;
			children = (
				05C153E72644314E007B10DD /* Base */,
			);
			name = LaunchScreen.storyboard;
			sourceTree = "<group>";
		};
/* End PBXVariantGroup section */

/* Begin XCBuildConfiguration section */
		05C153EA2644314E007B10DD /* Debug */ = {
			isa = XCBuildConfiguration;
			buildSettings = {
				ALWAYS_SEARCH_USER_PATHS = NO;
				CLANG_ANALYZER_NONNULL = YES;
				CLANG_ANALYZER_NUMBER_OBJECT_CONVERSION = YES_AGGRESSIVE;
				CLANG_CXX_LANGUAGE_STANDARD = "gnu++14";
				CLANG_CXX_LIBRARY = "libc++";
				CLANG_ENABLE_MODULES = YES;
				CLANG_ENABLE_OBJC_ARC = YES;
				CLANG_ENABLE_OBJC_WEAK = YES;
				CLANG_WARN_BLOCK_CAPTURE_AUTORELEASING = YES;
				CLANG_WARN_BOOL_CONVERSION = YES;
				CLANG_WARN_COMMA = YES;
				CLANG_WARN_CONSTANT_CONVERSION = YES;
				CLANG_WARN_DEPRECATED_OBJC_IMPLEMENTATIONS = YES;
				CLANG_WARN_DIRECT_OBJC_ISA_USAGE = YES_ERROR;
				CLANG_WARN_DOCUMENTATION_COMMENTS = YES;
				CLANG_WARN_EMPTY_BODY = YES;
				CLANG_WARN_ENUM_CONVERSION = YES;
				CLANG_WARN_INFINITE_RECURSION = YES;
				CLANG_WARN_INT_CONVERSION = YES;
				CLANG_WARN_NON_LITERAL_NULL_CONVERSION = YES;
				CLANG_WARN_OBJC_IMPLICIT_RETAIN_SELF = YES;
				CLANG_WARN_OBJC_LITERAL_CONVERSION = YES;
				CLANG_WARN_OBJC_ROOT_CLASS = YES_ERROR;
				CLANG_WARN_QUOTED_INCLUDE_IN_FRAMEWORK_HEADER = YES;
				CLANG_WARN_RANGE_LOOP_ANALYSIS = YES;
				CLANG_WARN_STRICT_PROTOTYPES = YES;
				CLANG_WARN_SUSPICIOUS_MOVE = YES;
				CLANG_WARN_UNGUARDED_AVAILABILITY = YES_AGGRESSIVE;
				CLANG_WARN_UNREACHABLE_CODE = YES;
				CLANG_WARN__DUPLICATE_METHOD_MATCH = YES;
				COPY_PHASE_STRIP = NO;
				DEBUG_INFORMATION_FORMAT = dwarf;
				ENABLE_STRICT_OBJC_MSGSEND = YES;
				ENABLE_TESTABILITY = YES;
				GCC_C_LANGUAGE_STANDARD = gnu11;
				GCC_DYNAMIC_NO_PIC = NO;
				GCC_NO_COMMON_BLOCKS = YES;
				GCC_OPTIMIZATION_LEVEL = 0;
				GCC_PREPROCESSOR_DEFINITIONS = (
					"DEBUG=1",
					"$(inherited)",
				);
				GCC_WARN_64_TO_32_BIT_CONVERSION = YES;
				GCC_WARN_ABOUT_RETURN_TYPE = YES_ERROR;
				GCC_WARN_UNDECLARED_SELECTOR = YES;
				GCC_WARN_UNINITIALIZED_AUTOS = YES_AGGRESSIVE;
				GCC_WARN_UNUSED_FUNCTION = YES;
				GCC_WARN_UNUSED_VARIABLE = YES;
				IPHONEOS_DEPLOYMENT_TARGET = 14.5;
				MTL_ENABLE_DEBUG_INFO = INCLUDE_SOURCE;
				MTL_FAST_MATH = YES;
				ONLY_ACTIVE_ARCH = YES;
				SDKROOT = iphoneos;
				SWIFT_ACTIVE_COMPILATION_CONDITIONS = DEBUG;
				SWIFT_OPTIMIZATION_LEVEL = "-Onone";
			};
			name = Debug;
		};
		05C153EB2644314E007B10DD /* Release */ = {
			isa = XCBuildConfiguration;
			buildSettings = {
				ALWAYS_SEARCH_USER_PATHS = NO;
				CLANG_ANALYZER_NONNULL = YES;
				CLANG_ANALYZER_NUMBER_OBJECT_CONVERSION = YES_AGGRESSIVE;
				CLANG_CXX_LANGUAGE_STANDARD = "gnu++14";
				CLANG_CXX_LIBRARY = "libc++";
				CLANG_ENABLE_MODULES = YES;
				CLANG_ENABLE_OBJC_ARC = YES;
				CLANG_ENABLE_OBJC_WEAK = YES;
				CLANG_WARN_BLOCK_CAPTURE_AUTORELEASING = YES;
				CLANG_WARN_BOOL_CONVERSION = YES;
				CLANG_WARN_COMMA = YES;
				CLANG_WARN_CONSTANT_CONVERSION = YES;
				CLANG_WARN_DEPRECATED_OBJC_IMPLEMENTATIONS = YES;
				CLANG_WARN_DIRECT_OBJC_ISA_USAGE = YES_ERROR;
				CLANG_WARN_DOCUMENTATION_COMMENTS = YES;
				CLANG_WARN_EMPTY_BODY = YES;
				CLANG_WARN_ENUM_CONVERSION = YES;
				CLANG_WARN_INFINITE_RECURSION = YES;
				CLANG_WARN_INT_CONVERSION = YES;
				CLANG_WARN_NON_LITERAL_NULL_CONVERSION = YES;
				CLANG_WARN_OBJC_IMPLICIT_RETAIN_SELF = YES;
				CLANG_WARN_OBJC_LITERAL_CONVERSION = YES;
				CLANG_WARN_OBJC_ROOT_CLASS = YES_ERROR;
				CLANG_WARN_QUOTED_INCLUDE_IN_FRAMEWORK_HEADER = YES;
				CLANG_WARN_RANGE_LOOP_ANALYSIS = YES;
				CLANG_WARN_STRICT_PROTOTYPES = YES;
				CLANG_WARN_SUSPICIOUS_MOVE = YES;
				CLANG_WARN_UNGUARDED_AVAILABILITY = YES_AGGRESSIVE;
				CLANG_WARN_UNREACHABLE_CODE = YES;
				CLANG_WARN__DUPLICATE_METHOD_MATCH = YES;
				COPY_PHASE_STRIP = NO;
				DEBUG_INFORMATION_FORMAT = "dwarf-with-dsym";
				ENABLE_NS_ASSERTIONS = NO;
				ENABLE_STRICT_OBJC_MSGSEND = YES;
				GCC_C_LANGUAGE_STANDARD = gnu11;
				GCC_NO_COMMON_BLOCKS = YES;
				GCC_WARN_64_TO_32_BIT_CONVERSION = YES;
				GCC_WARN_ABOUT_RETURN_TYPE = YES_ERROR;
				GCC_WARN_UNDECLARED_SELECTOR = YES;
				GCC_WARN_UNINITIALIZED_AUTOS = YES_AGGRESSIVE;
				GCC_WARN_UNUSED_FUNCTION = YES;
				GCC_WARN_UNUSED_VARIABLE = YES;
				IPHONEOS_DEPLOYMENT_TARGET = 14.5;
				MTL_ENABLE_DEBUG_INFO = NO;
				MTL_FAST_MATH = YES;
				SDKROOT = iphoneos;
				SWIFT_COMPILATION_MODE = wholemodule;
				SWIFT_OPTIMIZATION_LEVEL = "-O";
				VALIDATE_PRODUCT = YES;
			};
			name = Release;
		};
		05C153ED2644314E007B10DD /* Debug */ = {
			isa = XCBuildConfiguration;
			buildSettings = {
				ASSETCATALOG_COMPILER_APPICON_NAME = AppIcon;
				ASSETCATALOG_COMPILER_GLOBAL_ACCENT_COLOR_NAME = AccentColor;
				CODE_SIGN_STYLE = Automatic;
				INFOPLIST_FILE = PS5Controller/Info.plist;
				LD_RUNPATH_SEARCH_PATHS = (
					"$(inherited)",
					"@executable_path/Frameworks",
				);
				PRODUCT_BUNDLE_IDENTIFIER = com.alperenaysel.PS5Controller;
				PRODUCT_NAME = "$(TARGET_NAME)";
				SWIFT_VERSION = 5.0;
				TARGETED_DEVICE_FAMILY = "1,2";
			};
			name = Debug;
		};
		05C153EE2644314E007B10DD /* Release */ = {
			isa = XCBuildConfiguration;
			buildSettings = {
				ASSETCATALOG_COMPILER_APPICON_NAME = AppIcon;
				ASSETCATALOG_COMPILER_GLOBAL_ACCENT_COLOR_NAME = AccentColor;
				CODE_SIGN_STYLE = Automatic;
				INFOPLIST_FILE = PS5Controller/Info.plist;
				LD_RUNPATH_SEARCH_PATHS = (
					"$(inherited)",
					"@executable_path/Frameworks",
				);
				PRODUCT_BUNDLE_IDENTIFIER = com.alperenaysel.PS5Controller;
				PRODUCT_NAME = "$(TARGET_NAME)";
				SWIFT_VERSION = 5.0;
				TARGETED_DEVICE_FAMILY = "1,2";
			};
			name = Release;
		};
/* End XCBuildConfiguration section */

/* Begin XCConfigurationList section */
		05C153D32644314C007B10DD /* Build configuration list for PBXProject "PS5Controller" */ = {
			isa = XCConfigurationList;
			buildConfigurations = (
				05C153EA2644314E007B10DD /* Debug */,
				05C153EB2644314E007B10DD /* Release */,
			);
			defaultConfigurationIsVisible = 0;
			defaultConfigurationName = Release;
		};
		05C153EC2644314E007B10DD /* Build configuration list for PBXNativeTarget "PS5Controller" */ = {
			isa = XCConfigurationList;
			buildConfigurations = (
				05C153ED2644314E007B10DD /* Debug */,
				05C153EE2644314E007B10DD /* Release */,
			);
			defaultConfigurationIsVisible = 0;
			defaultConfigurationName = Release;
		};
/* End XCConfigurationList section */
	};
	rootObject = 05C153D02644314C007B10DD /* Project object */;
}
